
Microsoft Visual Studio Solution File, Format Version 12.00
# Visual Studio Version 16
VisualStudioVersion = 16.0.30114.105
MinimumVisualStudioVersion = 10.0.40219.1
Project("{9A19103F-16F7-4668-BE54-9A1E7A4F7556}") = "RazorPagesSample", "RazorPages\RazorPagesSample.csproj", "{EF7428AD-3974-4D67-9BF8-85B9968BC266}"
EndProject
Project("{9A19103F-16F7-4668-BE54-9A1E7A4F7556}") = "My.Extensions.Localization.Json", "My.Extensions.Localization.Json\My.Extensions.Localization.Json.csproj", "{EE19AEAD-8EBE-4F7B-8D33-8F6FF8AB6542}"
EndProject
Global
	GlobalSection(SolutionConfigurationPlatforms) = preSolution
		Debug|Any CPU = Debug|Any CPU
		Release|Any CPU = Release|Any CPU
	EndGlobalSection
	GlobalSection(ProjectConfigurationPlatforms) = postSolution
		{EF7428AD-3974-4D67-9BF8-85B9968BC266}.Debug|Any CPU.ActiveCfg = Debug|Any CPU
		{EF7428AD-3974-4D67-9BF8-85B9968BC266}.Debug|Any CPU.Build.0 = Debug|Any CPU
		{EF7428AD-3974-4D67-9BF8-85B9968BC266}.Release|Any CPU.ActiveCfg = Release|Any CPU
		{EF7428AD-3974-4D67-9BF8-85B9968BC266}.Release|Any CPU.Build.0 = Release|Any CPU
		{EE19AEAD-8EBE-4F7B-8D33-8F6FF8AB6542}.Debug|Any CPU.ActiveCfg = Debug|Any CPU
		{EE19AEAD-8EBE-4F7B-8D33-8F6FF8AB6542}.Debug|Any CPU.Build.0 = Debug|Any CPU
		{EE19AEAD-8EBE-4F7B-8D33-8F6FF8AB6542}.Release|Any CPU.ActiveCfg = Release|Any CPU
		{EE19AEAD-8EBE-4F7B-8D33-8F6FF8AB6542}.Release|Any CPU.Build.0 = Release|Any CPU
	EndGlobalSection
	GlobalSection(SolutionProperties) = preSolution
		HideSolutionNode = FALSE
	EndGlobalSection
	GlobalSection(ExtensibilityGlobals) = postSolution
		SolutionGuid = {F1B7EEF0-9459-404D-8ADC-DF664571AC49}
	EndGlobalSection
EndGlobal
